
Microsoft Visual Studio Solution File, Format Version 12.00
# Visual Studio Version 17
VisualStudioVersion = 17.13.35825.156 d17.13
MinimumVisualStudioVersion = 10.0.40219.1
Project("{FAE04EC0-301F-11D3-BF4B-00C04F79EFBC}") = "TrophyLibrary", "TrophyLibrary\TrophyLibrary.csproj", "{7EA692A7-467A-48B9-9E5A-5FB9B3BDE119}"
EndProject
Project("{FAE04EC0-301F-11D3-BF4B-00C04F79EFBC}") = "TrophyLibraryTests", "TrophyLibraryTests\TrophyLibraryTests.csproj", "{B34F1A5C-6175-4B67-967C-7B3751850CBE}"
EndProject
Global
	GlobalSection(SolutionConfigurationPlatforms) = preSolution
		Debug|Any CPU = Debug|Any CPU
		Release|Any CPU = Release|Any CPU
	EndGlobalSection
	GlobalSection(ProjectConfigurationPlatforms) = postSolution
		{7EA692A7-467A-48B9-9E5A-5FB9B3BDE119}.Debug|Any CPU.ActiveCfg = Debug|Any CPU
		{7EA692A7-467A-48B9-9E5A-5FB9B3BDE119}.Debug|Any CPU.Build.0 = Debug|Any CPU
		{7EA692A7-467A-48B9-9E5A-5FB9B3BDE119}.Release|Any CPU.ActiveCfg = Release|Any CPU
		{7EA692A7-467A-48B9-9E5A-5FB9B3BDE119}.Release|Any CPU.Build.0 = Release|Any CPU
		{B34F1A5C-6175-4B67-967C-7B3751850CBE}.Debug|Any CPU.ActiveCfg = Debug|Any CPU
		{B34F1A5C-6175-4B67-967C-7B3751850CBE}.Debug|Any CPU.Build.0 = Debug|Any CPU
		{B34F1A5C-6175-4B67-967C-7B3751850CBE}.Release|Any CPU.ActiveCfg = Release|Any CPU
		{B34F1A5C-6175-4B67-967C-7B3751850CBE}.Release|Any CPU.Build.0 = Release|Any CPU
	EndGlobalSection
	GlobalSection(SolutionProperties) = preSolution
		HideSolutionNode = FALSE
	EndGlobalSection
	GlobalSection(ExtensibilityGlobals) = postSolution
		SolutionGuid = {544B4D29-E30F-4379-8DD9-62F02234C440}
	EndGlobalSection
EndGlobal
